dependencies:
  idf:
    source:
      type: idf
    version: 5.5.3
  lvgl/lvgl:
    component_hash: d7c1ac037ae6e85d94897f807d6e7ba0946a83e720074fc95a4f6241da9f9f53
    dependencies: []
    source:
      registry_url: https://components.espressif.com/
      type: service
    version: 8.4.0
direct_dependencies:
- idf
- lvgl/lvgl
manifest_hash: 9458855c6b3ef2577f796ac55bbc1d876278f798286ac4dea00c84c92512dce6
target: esp32s3
version: 2.0.0
